
Microsoft Visual Studio Solution File, Format Version 12.00
# Visual Studio 15
VisualStudioVersion = 15.0.28306.52
MinimumVisualStudioVersion = 10.0.40219.1
Project("{FAE04EC0-301F-11D3-BF4B-00C04F79EFBC}") = "Bell", "Bell.csproj", "{7B540E0A-A518-449C-B380-C46ED9EA975D}"
EndProject
Global
	GlobalSection(SolutionConfigurationPlatforms) = preSolution
		Debug|Any CPU = Debug|Any CPU
		Release|Any CPU = Release|Any CPU
	EndGlobalSection
	GlobalSection(ProjectConfigurationPlatforms) = postSolution
		{7B540E0A-A518-449C-B380-C46ED9EA975D}.Debug|Any CPU.ActiveCfg = Debug|Any CPU
		{7B540E0A-A518-449C-B380-C46ED9EA975D}.Debug|Any CPU.Build.0 = Debug|Any CPU
		{7B540E0A-A518-449C-B380-C46ED9EA975D}.Release|Any CPU.ActiveCfg = Release|Any CPU
		{7B540E0A-A518-449C-B380-C46ED9EA975D}.Release|Any CPU.Build.0 = Release|Any CPU
	EndGlobalSection
	GlobalSection(SolutionProperties) = preSolution
		HideSolutionNode = FALSE
	EndGlobalSection
	GlobalSection(ExtensibilityGlobals) = postSolution
		SolutionGuid = {72211E89-0B78-4488-9138-23729E8F949E}
	EndGlobalSection
EndGlobal
